
Microsoft Visual Studio Solution File, Format Version 12.00
# Visual Studio Version 17
VisualStudioVersion = 17.0.31521.260
MinimumVisualStudioVersion = 10.0.40219.1
Project("{8BC9CEB8-8B4A-11D0-8D11-00A0C91BC942}") = "Sandbox", "Sandbox\Sandbox.vcxproj", "{C3E4EF8E-321E-4620-8CD9-1DB3A03CB661}"
EndProject
Project("{8BC9CEB8-8B4A-11D0-8D11-00A0C91BC942}") = "Sense", "Sense\Sense.vcxproj", "{9604A16C-2389-4E48-9193-CEC6A3B85E93}"
EndProject
Global
	GlobalSection(SolutionConfigurationPlatforms) = preSolution
		Debug|x64 = Debug|x64
		Release|x64 = Release|x64
	EndGlobalSection
	GlobalSection(ProjectConfigurationPlatforms) = postSolution
		{9604A16C-2389-4E48-9193-CEC6A3B85E93}.Debug|x64.ActiveCfg = Debug|x64
		{9604A16C-2389-4E48-9193-CEC6A3B85E93}.Debug|x64.Build.0 = Debug|x64
		{9604A16C-2389-4E48-9193-CEC6A3B85E93}.Release|x64.ActiveCfg = Release|x64
		{9604A16C-2389-4E48-9193-CEC6A3B85E93}.Release|x64.Build.0 = Release|x64
		{C3E4EF8E-321E-4620-8CD9-1DB3A03CB661}.Debug|x64.ActiveCfg = Debug|x64
		{C3E4EF8E-321E-4620-8CD9-1DB3A03CB661}.Debug|x64.Build.0 = Debug|x64
		{C3E4EF8E-321E-4620-8CD9-1DB3A03CB661}.Release|x64.ActiveCfg = Release|x64
		{C3E4EF8E-321E-4620-8CD9-1DB3A03CB661}.Release|x64.Build.0 = Release|x64
	EndGlobalSection
	GlobalSection(SolutionProperties) = preSolution
		HideSolutionNode = FALSE
	EndGlobalSection
	GlobalSection(ExtensibilityGlobals) = postSolution
		SolutionGuid = {AF587E78-C039-4390-BD59-D4B18DE543E0}
	EndGlobalSection
EndGlobal
